
Microsoft Visual Studio Solution File, Format Version 12.00
# Visual Studio Version 17
VisualStudioVersion = 17.7.34024.191
MinimumVisualStudioVersion = 10.0.40219.1
Project("{9A19103F-16F7-4668-BE54-9A1E7A4F7556}") = "TodoList", "TodoList\TodoList.csproj", "{DC6ADD2B-9B4E-4FB3-B641-390C10BD101C}"
EndProject
Project("{FAE04EC0-301F-11D3-BF4B-00C04F79EFBC}") = "TodoListTests", "TodoListTests\TodoListTests.csproj", "{08804F61-599F-4B49-826E-FA0335818D1E}"
EndProject
Global
	GlobalSection(SolutionConfigurationPlatforms) = preSolution
		Debug|Any CPU = Debug|Any CPU
		Release|Any CPU = Release|Any CPU
	EndGlobalSection
	GlobalSection(ProjectConfigurationPlatforms) = postSolution
		{DC6ADD2B-9B4E-4FB3-B641-390C10BD101C}.Debug|Any CPU.ActiveCfg = Debug|Any CPU
		{DC6ADD2B-9B4E-4FB3-B641-390C10BD101C}.Debug|Any CPU.Build.0 = Debug|Any CPU
		{DC6ADD2B-9B4E-4FB3-B641-390C10BD101C}.Release|Any CPU.ActiveCfg = Release|Any CPU
		{DC6ADD2B-9B4E-4FB3-B641-390C10BD101C}.Release|Any CPU.Build.0 = Release|Any CPU
		{08804F61-599F-4B49-826E-FA0335818D1E}.Debug|Any CPU.ActiveCfg = Debug|Any CPU
		{08804F61-599F-4B49-826E-FA0335818D1E}.Debug|Any CPU.Build.0 = Debug|Any CPU
		{08804F61-599F-4B49-826E-FA0335818D1E}.Release|Any CPU.ActiveCfg = Release|Any CPU
		{08804F61-599F-4B49-826E-FA0335818D1E}.Release|Any CPU.Build.0 = Release|Any CPU
	EndGlobalSection
	GlobalSection(SolutionProperties) = preSolution
		HideSolutionNode = FALSE
	EndGlobalSection
	GlobalSection(ExtensibilityGlobals) = postSolution
		SolutionGuid = {82F0A5C5-DAD3-4870-BA24-EA0764548EB1}
	EndGlobalSection
EndGlobal
